
Microsoft Visual Studio Solution File, Format Version 12.00
# Visual Studio 15
VisualStudioVersion = 15.0.26403.7
MinimumVisualStudioVersion = 10.0.40219.1
Project("{FAE04EC0-301F-11D3-BF4B-00C04F79EFBC}") = "NodaTime.NetworkClock", "src\NodaTime.NetworkClock\NodaTime.NetworkClock.csproj", "{DD5BBA57-DCBA-48EC-B0C4-12447D5F4C9A}"
EndProject
Project("{FAE04EC0-301F-11D3-BF4B-00C04F79EFBC}") = "NodaTime.NetworkClock.Tests", "test\NodaTime.NetworkClock.Tests\NodaTime.NetworkClock.Tests.csproj", "{7D928011-5383-47DC-BE77-1CC9B7E990FD}"
EndProject
Global
	GlobalSection(SolutionConfigurationPlatforms) = preSolution
		Debug|Any CPU = Debug|Any CPU
		Release|Any CPU = Release|Any CPU
	EndGlobalSection
	GlobalSection(ProjectConfigurationPlatforms) = postSolution
		{DD5BBA57-DCBA-48EC-B0C4-12447D5F4C9A}.Debug|Any CPU.ActiveCfg = Debug|Any CPU
		{DD5BBA57-DCBA-48EC-B0C4-12447D5F4C9A}.Debug|Any CPU.Build.0 = Debug|Any CPU
		{DD5BBA57-DCBA-48EC-B0C4-12447D5F4C9A}.Release|Any CPU.ActiveCfg = Release|Any CPU
		{DD5BBA57-DCBA-48EC-B0C4-12447D5F4C9A}.Release|Any CPU.Build.0 = Release|Any CPU
		{7D928011-5383-47DC-BE77-1CC9B7E990FD}.Debug|Any CPU.ActiveCfg = Debug|Any CPU
		{7D928011-5383-47DC-BE77-1CC9B7E990FD}.Debug|Any CPU.Build.0 = Debug|Any CPU
		{7D928011-5383-47DC-BE77-1CC9B7E990FD}.Release|Any CPU.ActiveCfg = Release|Any CPU
		{7D928011-5383-47DC-BE77-1CC9B7E990FD}.Release|Any CPU.Build.0 = Release|Any CPU
	EndGlobalSection
	GlobalSection(SolutionProperties) = preSolution
		HideSolutionNode = FALSE
	EndGlobalSection
EndGlobal
